// !$*UTF8*$!
{
	archiveVersion = 1;
	classes = {
	};
	objectVersion = 48;
	objects = {

/* Begin PBXBuildFile section */
		34A479661A3391876EE5082C /* Pods_Magic_DrumpadTests.framework in Frameworks */ = {isa = PBXBuildFile; fileRef = 5110B88561F223B7A8ED9076 /* Pods_Magic_DrumpadTests.framework */; };
		74447AB11EF6AD7400C428B9 /* AppDelegate.swift in Sources */ = {isa = PBXBuildFile; fileRef = 74447AB01EF6AD7400C428B9 /* AppDelegate.swift */; };
		74447AB31EF6AD7400C428B9 /* PadController.swift in Sources */ = {isa = PBXBuildFile; fileRef = 74447AB21EF6AD7400C428B9 /* PadController.swift */; };
		74447AB51EF6AD7400C428B9 /* Assets.xcassets in Resources */ = {isa = PBXBuildFile; fileRef = 74447AB41EF6AD7400C428B9 /* Assets.xcassets */; };
		74447AB81EF6AD7400C428B9 /* Main.storyboard in Resources */ = {isa = PBXBuildFile; fileRef = 74447AB61EF6AD7400C428B9 /* Main.storyboard */; };
		74447AC41EF6AD7400C428B9 /* Magic_DrumpadTests.swift in Sources */ = {isa = PBXBuildFile; fileRef = 74447AC31EF6AD7400C428B9 /* Magic_DrumpadTests.swift */; };
		74447ACF1EF6AD7400C428B9 /* Magic_DrumpadUITests.swift in Sources */ = {isa = PBXBuildFile; fileRef = 74447ACE1EF6AD7400C428B9 /* Magic_DrumpadUITests.swift */; };
		7489205F1EF701800098ABDF /* Player.swift in Sources */ = {isa = PBXBuildFile; fileRef = 7489205E1EF701800098ABDF /* Player.swift */; };
		74F187082115C5220070FB85 /* MidiSender.swift in Sources */ = {isa = PBXBuildFile; fileRef = 74F187072115C5220070FB85 /* MidiSender.swift */; };
		74F1870A2115EF780070FB85 /* SettingsController.swift in Sources */ = {isa = PBXBuildFile; fileRef = 74F187092115EF780070FB85 /* SettingsController.swift */; };
		8BE12B42D96141F9BB80B8CC /* Pods_Magic_Drumpad.framework in Frameworks */ = {isa = PBXBuildFile; fileRef = 40B8E66CD33D715CFAEF272F /* Pods_Magic_Drumpad.framework */; };
		96F747B3C1FBC9393B969F1F /* Pods_Magic_DrumpadUITests.framework in Frameworks */ = {isa = PBXBuildFile; fileRef = F40C7EFB97F26E6555F1C2A1 /* Pods_Magic_DrumpadUITests.framework */; };
/* End PBXBuildFile section */

/* Begin PBXContainerItemProxy section */
		74447AC01EF6AD7400C428B9 /* PBXContainerItemProxy */ = {
			isa = PBXContainerItemProxy;
			containerPortal = 74447AA51EF6AD7400C428B9 /* Project object */;
			proxyType = 1;
			remoteGlobalIDString = 74447AAC1EF6AD7400C428B9;
			remoteInfo = "Magic Drumpad";
		};
		74447ACB1EF6AD7400C428B9 /* PBXContainerItemProxy */ = {
			isa = PBXContainerItemProxy;
			containerPortal = 74447AA51EF6AD7400C428B9 /* Project object */;
			proxyType = 1;
			remoteGlobalIDString = 74447AAC1EF6AD7400C428B9;
			remoteInfo = "Magic Drumpad";
		};
/* End PBXContainerItemProxy section */

/* Begin PBXFileReference section */
		31837BF21C44FA7E2E513FF0 /* Pods-Magic Drumpad.release.xcconfig */ = {isa = PBXFileReference; includeInIndex = 1; lastKnownFileType = text.xcconfig; name = "Pods-Magic Drumpad.release.xcconfig"; path = "Pods/Target Support Files/Pods-Magic Drumpad/Pods-Magic Drumpad.release.xcconfig"; sourceTree = "<group>"; };
		40B8E66CD33D715CFAEF272F /* Pods_Magic_Drumpad.framework */ = {isa = PBXFileReference; explicitFileType = wrapper.framework; includeInIndex = 0; path = Pods_Magic_Drumpad.framework; sourceTree = BUILT_PRODUCTS_DIR; };
		5110B88561F223B7A8ED9076 /* Pods_Magic_DrumpadTests.framework */ = {isa = PBXFileReference; explicitFileType = wrapper.framework; includeInIndex = 0; path = Pods_Magic_DrumpadTests.framework; sourceTree = BUILT_PRODUCTS_DIR; };
		741F36A21EF86BC800F65538 /* README.md */ = {isa = PBXFileReference; lastKnownFileType = net.daringfireball.markdown; path = README.md; sourceTree = "<group>"; };
		74447AAD1EF6AD7400C428B9 /* Magic Drumpad.app */ = {isa = PBXFileReference; explicitFileType = wrapper.application; includeInIndex = 0; path = "Magic Drumpad.app"; sourceTree = BUILT_PRODUCTS_DIR; };
		74447AB01EF6AD7400C428B9 /* AppDelegate.swift */ = {isa = PBXFileReference; lastKnownFileType = sourcecode.swift; path = AppDelegate.swift; sourceTree = "<group>"; };
		74447AB21EF6AD7400C428B9 /* PadController.swift */ = {isa = PBXFileReference; lastKnownFileType = sourcecode.swift; path = PadController.swift; sourceTree = "<group>"; };
		74447AB41EF6AD7400C428B9 /* Assets.xcassets */ = {isa = PBXFileReference; lastKnownFileType = folder.assetcatalog; path = Assets.xcassets; sourceTree = "<group>"; };
		74447AB71EF6AD7400C428B9 /* Base */ = {isa = PBXFileReference; lastKnownFileType = file.storyboard; name = Base; path = Base.lproj/Main.storyboard; sourceTree = "<group>"; };
		74447AB91EF6AD7400C428B9 /* Info.plist */ = {isa = PBXFileReference; lastKnownFileType = text.plist.xml; path = Info.plist; sourceTree = "<group>"; };
		74447ABA1EF6AD7400C428B9 /* Magic_Drumpad.entitlements */ = {isa = PBXFileReference; lastKnownFileType = text.plist.entitlements; path = Magic_Drumpad.entitlements; sourceTree = "<group>"; };
		74447ABF1EF6AD7400C428B9 /* Magic DrumpadTests.xctest */ = {isa = PBXFileReference; explicitFileType = wrapper.cfbundle; includeInIndex = 0; path = "Magic DrumpadTests.xctest"; sourceTree = BUILT_PRODUCTS_DIR; };
		74447AC31EF6AD7400C428B9 /* Magic_DrumpadTests.swift */ = {isa = PBXFileReference; lastKnownFileType = sourcecode.swift; path = Magic_DrumpadTests.swift; sourceTree = "<group>"; };
		74447AC51EF6AD7400C428B9 /* Info.plist */ = {isa = PBXFileReference; lastKnownFileType = text.plist.xml; path = Info.plist; sourceTree = "<group>"; };
		74447ACA1EF6AD7400C428B9 /* Magic DrumpadUITests.xctest */ = {isa = PBXFileReference; explicitFileType = wrapper.cfbundle; includeInIndex = 0; path = "Magic DrumpadUITests.xctest"; sourceTree = BUILT_PRODUCTS_DIR; };
		74447ACE1EF6AD7400C428B9 /* Magic_DrumpadUITests.swift */ = {isa = PBXFileReference; lastKnownFileType = sourcecode.swift; path = Magic_DrumpadUITests.swift; sourceTree = "<group>"; };
		74447AD01EF6AD7400C428B9 /* Info.plist */ = {isa = PBXFileReference; lastKnownFileType = text.plist.xml; path = Info.plist; sourceTree = "<group>"; };
		7489205E1EF701800098ABDF /* Player.swift */ = {isa = PBXFileReference; lastKnownFileType = sourcecode.swift; path = Player.swift; sourceTree = "<group>"; };
		74F120A31EFF11A6003C8C7E /* Magic Drumpad.entitlements */ = {isa = PBXFileReference; lastKnownFileType = text.plist.entitlements; path = "Magic Drumpad.entitlements"; sourceTree = "<group>"; };
		74F187072115C5220070FB85 /* MidiSender.swift */ = {isa = PBXFileReference; lastKnownFileType = sourcecode.swift; path = MidiSender.swift; sourceTree = "<group>"; };
		74F187092115EF780070FB85 /* SettingsController.swift */ = {isa = PBXFileReference; lastKnownFileType = sourcecode.swift; path = SettingsController.swift; sourceTree = "<group>"; };
		AA0C3D557A7BCC8B26189BDC /* Pods-Magic Drumpad.debug.xcconfig */ = {isa = PBXFileReference; includeInIndex = 1; lastKnownFileType = text.xcconfig; name = "Pods-Magic Drumpad.debug.xcconfig"; path = "Pods/Target Support Files/Pods-Magic Drumpad/Pods-Magic Drumpad.debug.xcconfig"; sourceTree = "<group>"; };
		C6F5557768479E3B966A6EAE /* Pods-Magic DrumpadUITests.release.xcconfig */ = {isa = PBXFileReference; includeInIndex = 1; lastKnownFileType = text.xcconfig; name = "Pods-Magic DrumpadUITests.release.xcconfig"; path = "Pods/Target Support Files/Pods-Magic DrumpadUITests/Pods-Magic DrumpadUITests.release.xcconfig"; sourceTree = "<group>"; };
		DF45C29B2997CCE8EEDC8EFE /* Pods-Magic DrumpadTests.debug.xcconfig */ = {isa = PBXFileReference; includeInIndex = 1; lastKnownFileType = text.xcconfig; name = "Pods-Magic DrumpadTests.debug.xcconfig"; path = "Pods/Target Support Files/Pods-Magic DrumpadTests/Pods-Magic DrumpadTests.debug.xcconfig"; sourceTree = "<group>"; };
		E01CE85E04CAE8449579C90C /* Pods-Magic DrumpadUITests.debug.xcconfig */ = {isa = PBXFileReference; includeInIndex = 1; lastKnownFileType = text.xcconfig; name = "Pods-Magic DrumpadUITests.debug.xcconfig"; path = "Pods/Target Support Files/Pods-Magic DrumpadUITests/Pods-Magic DrumpadUITests.debug.xcconfig"; sourceTree = "<group>"; };
		F34DEE1298B7C9013D809616 /* Pods-Magic DrumpadTests.release.xcconfig */ = {isa = PBXFileReference; includeInIndex = 1; lastKnownFileType = text.xcconfig; name = "Pods-Magic DrumpadTests.release.xcconfig"; path = "Pods/Target Support Files/Pods-Magic DrumpadTests/Pods-Magic DrumpadTests.release.xcconfig"; sourceTree = "<group>"; };
		F40C7EFB97F26E6555F1C2A1 /* Pods_Magic_DrumpadUITests.framework */ = {isa = PBXFileReference; explicitFileType = wrapper.framework; includeInIndex = 0; path = Pods_Magic_DrumpadUITests.framework; sourceTree = BUILT_PRODUCTS_DIR; };
/* End PBXFileReference section */

/* Begin PBXFrameworksBuildPhase section */
		74447AAA1EF6AD7400C428B9 /* Frameworks */ = {
			isa = PBXFrameworksBuildPhase;
			buildActionMask = 2147483647;
			files = (
				8BE12B42D96141F9BB80B8CC /* Pods_Magic_Drumpad.framework in Frameworks */,
			);
			runOnlyForDeploymentPostprocessing = 0;
		};
		74447ABC1EF6AD7400C428B9 /* Frameworks */ = {
			isa = PBXFrameworksBuildPhase;
			buildActionMask = 2147483647;
			files = (
				34A479661A3391876EE5082C /* Pods_Magic_DrumpadTests.framework in Frameworks */,
			);
			runOnlyForDeploymentPostprocessing = 0;
		};
		74447AC71EF6AD7400C428B9 /* Frameworks */ = {
			isa = PBXFrameworksBuildPhase;
			buildActionMask = 2147483647;
			files = (
				96F747B3C1FBC9393B969F1F /* Pods_Magic_DrumpadUITests.framework in Frameworks */,
			);
			runOnlyForDeploymentPostprocessing = 0;
		};
/* End PBXFrameworksBuildPhase section */

/* Begin PBXGroup section */
		19579748F8F2949B113FC36C /* Frameworks */ = {
			isa = PBXGroup;
			children = (
				40B8E66CD33D715CFAEF272F /* Pods_Magic_Drumpad.framework */,
				5110B88561F223B7A8ED9076 /* Pods_Magic_DrumpadTests.framework */,
				F40C7EFB97F26E6555F1C2A1 /* Pods_Magic_DrumpadUITests.framework */,
			);
			name = Frameworks;
			sourceTree = "<group>";
		};
		74447AA41EF6AD7400C428B9 = {
			isa = PBXGroup;
			children = (
				741F36A21EF86BC800F65538 /* README.md */,
				74447AAF1EF6AD7400C428B9 /* Magic Drumpad */,
				74447AC21EF6AD7400C428B9 /* Magic DrumpadTests */,
				74447ACD1EF6AD7400C428B9 /* Magic DrumpadUITests */,
				74447AAE1EF6AD7400C428B9 /* Products */,
				8373A68E4068AB2BF4531AC2 /* Pods */,
				19579748F8F2949B113FC36C /* Frameworks */,
			);
			sourceTree = "<group>";
		};
		74447AAE1EF6AD7400C428B9 /* Products */ = {
			isa = PBXGroup;
			children = (
				74447AAD1EF6AD7400C428B9 /* Magic Drumpad.app */,
				74447ABF1EF6AD7400C428B9 /* Magic DrumpadTests.xctest */,
				74447ACA1EF6AD7400C428B9 /* Magic DrumpadUITests.xctest */,
			);
			name = Products;
			sourceTree = "<group>";
		};
		74447AAF1EF6AD7400C428B9 /* Magic Drumpad */ = {
			isa = PBXGroup;
			children = (
				74F120A31EFF11A6003C8C7E /* Magic Drumpad.entitlements */,
				74447AB01EF6AD7400C428B9 /* AppDelegate.swift */,
				74447AB21EF6AD7400C428B9 /* PadController.swift */,
				74F187092115EF780070FB85 /* SettingsController.swift */,
				7489205E1EF701800098ABDF /* Player.swift */,
				74F187072115C5220070FB85 /* MidiSender.swift */,
				74447AB41EF6AD7400C428B9 /* Assets.xcassets */,
				74447AB61EF6AD7400C428B9 /* Main.storyboard */,
				74447AB91EF6AD7400C428B9 /* Info.plist */,
				74447ABA1EF6AD7400C428B9 /* Magic_Drumpad.entitlements */,
			);
			path = "Magic Drumpad";
			sourceTree = "<group>";
		};
		74447AC21EF6AD7400C428B9 /* Magic DrumpadTests */ = {
			isa = PBXGroup;
			children = (
				74447AC31EF6AD7400C428B9 /* Magic_DrumpadTests.swift */,
				74447AC51EF6AD7400C428B9 /* Info.plist */,
			);
			path = "Magic DrumpadTests";
			sourceTree = "<group>";
		};
		74447ACD1EF6AD7400C428B9 /* Magic DrumpadUITests */ = {
			isa = PBXGroup;
			children = (
				74447ACE1EF6AD7400C428B9 /* Magic_DrumpadUITests.swift */,
				74447AD01EF6AD7400C428B9 /* Info.plist */,
			);
			path = "Magic DrumpadUITests";
			sourceTree = "<group>";
		};
		8373A68E4068AB2BF4531AC2 /* Pods */ = {
			isa = PBXGroup;
			children = (
				AA0C3D557A7BCC8B26189BDC /* Pods-Magic Drumpad.debug.xcconfig */,
				31837BF21C44FA7E2E513FF0 /* Pods-Magic Drumpad.release.xcconfig */,
				DF45C29B2997CCE8EEDC8EFE /* Pods-Magic DrumpadTests.debug.xcconfig */,
				F34DEE1298B7C9013D809616 /* Pods-Magic DrumpadTests.release.xcconfig */,
				E01CE85E04CAE8449579C90C /* Pods-Magic DrumpadUITests.debug.xcconfig */,
				C6F5557768479E3B966A6EAE /* Pods-Magic DrumpadUITests.release.xcconfig */,
			);
			name = Pods;
			sourceTree = "<group>";
		};
/* End PBXGroup section */

/* Begin PBXNativeTarget section */
		74447AAC1EF6AD7400C428B9 /* Magic Drumpad */ = {
			isa = PBXNativeTarget;
			buildConfigurationList = 74447AD31EF6AD7400C428B9 /* Build configuration list for PBXNativeTarget "Magic Drumpad" */;
			buildPhases = (
				014C2570122D3AF107253890 /* [CP] Check Pods Manifest.lock */,
				74447AA91EF6AD7400C428B9 /* Sources */,
				74447AAA1EF6AD7400C428B9 /* Frameworks */,
				74447AAB1EF6AD7400C428B9 /* Resources */,
				6C3A1228D578392384DA186A /* [CP] Embed Pods Frameworks */,
				4F14CB2CFF5868FAA5C08078 /* [CP] Copy Pods Resources */,
			);
			buildRules = (
			);
			dependencies = (
			);
			name = "Magic Drumpad";
			productName = "Magic Drumpad";
			productReference = 74447AAD1EF6AD7400C428B9 /* Magic Drumpad.app */;
			productType = "com.apple.product-type.application";
		};
		74447ABE1EF6AD7400C428B9 /* Magic DrumpadTests */ = {
			isa = PBXNativeTarget;
			buildConfigurationList = 74447AD61EF6AD7400C428B9 /* Build configuration list for PBXNativeTarget "Magic DrumpadTests" */;
			buildPhases = (
				BF779AA0A07080E428ED830B /* [CP] Check Pods Manifest.lock */,
				74447ABB1EF6AD7400C428B9 /* Sources */,
				74447ABC1EF6AD7400C428B9 /* Frameworks */,
				74447ABD1EF6AD7400C428B9 /* Resources */,
				1D8408C10897E044EA89E468 /* [CP] Embed Pods Frameworks */,
				30AEC45ECD61D4253549AC9E /* [CP] Copy Pods Resources */,
			);
			buildRules = (
			);
			dependencies = (
				74447AC11EF6AD7400C428B9 /* PBXTargetDependency */,
			);
			name = "Magic DrumpadTests";
			productName = "Magic DrumpadTests";
			productReference = 74447ABF1EF6AD7400C428B9 /* Magic DrumpadTests.xctest */;
			productType = "com.apple.product-type.bundle.unit-test";
		};
		74447AC91EF6AD7400C428B9 /* Magic DrumpadUITests */ = {
			isa = PBXNativeTarget;
			buildConfigurationList = 74447AD91EF6AD7400C428B9 /* Build configuration list for PBXNativeTarget "Magic DrumpadUITests" */;
			buildPhases = (
				DCE7C8EB1563E0F0C3F8963A /* [CP] Check Pods Manifest.lock */,
				74447AC61EF6AD7400C428B9 /* Sources */,
				74447AC71EF6AD7400C428B9 /* Frameworks */,
				74447AC81EF6AD7400C428B9 /* Resources */,
				F4423608E3A9B9F28DB4660A /* [CP] Embed Pods Frameworks */,
				ED291BA6A28D03A2643EC853 /* [CP] Copy Pods Resources */,
			);
			buildRules = (
			);
			dependencies = (
				74447ACC1EF6AD7400C428B9 /* PBXTargetDependency */,
			);
			name = "Magic DrumpadUITests";
			productName = "Magic DrumpadUITests";
			productReference = 74447ACA1EF6AD7400C428B9 /* Magic DrumpadUITests.xctest */;
			productType = "com.apple.product-type.bundle.ui-testing";
		};
/* End PBXNativeTarget section */

/* Begin PBXProject section */
		74447AA51EF6AD7400C428B9 /* Project object */ = {
			isa = PBXProject;
			attributes = {
				LastSwiftUpdateCheck = 0900;
				LastUpgradeCheck = 1000;
				ORGANIZATIONNAME = "Damiaan Dufaux";
				TargetAttributes = {
					74447AAC1EF6AD7400C428B9 = {
						CreatedOnToolsVersion = 9.0;
						LastSwiftMigration = 1000;
						SystemCapabilities = {
							com.apple.HardenedRuntime = {
								enabled = 1;
							};
							com.apple.Sandbox = {
								enabled = 1;
							};
						};
					};
					74447ABE1EF6AD7400C428B9 = {
						CreatedOnToolsVersion = 9.0;
						LastSwiftMigration = 1000;
						TestTargetID = 74447AAC1EF6AD7400C428B9;
					};
					74447AC91EF6AD7400C428B9 = {
						CreatedOnToolsVersion = 9.0;
						LastSwiftMigration = 1000;
						TestTargetID = 74447AAC1EF6AD7400C428B9;
					};
				};
			};
			buildConfigurationList = 74447AA81EF6AD7400C428B9 /* Build configuration list for PBXProject "Magic Drumpad" */;
			compatibilityVersion = "Xcode 8.0";
			developmentRegion = en;
			hasScannedForEncodings = 0;
			knownRegions = (
				en,
				Base,
			);
			mainGroup = 74447AA41EF6AD7400C428B9;
			productRefGroup = 74447AAE1EF6AD7400C428B9 /* Products */;
			projectDirPath = "";
			projectRoot = "";
			targets = (
				74447AAC1EF6AD7400C428B9 /* Magic Drumpad */,
				74447ABE1EF6AD7400C428B9 /* Magic DrumpadTests */,
				74447AC91EF6AD7400C428B9 /* Magic DrumpadUITests */,
			);
		};
/* End PBXProject section */

/* Begin PBXResourcesBuildPhase section */
		74447AAB1EF6AD7400C428B9 /* Resources */ = {
			isa = PBXResourcesBuildPhase;
			buildActionMask = 2147483647;
			files = (
				74447AB51EF6AD7400C428B9 /* Assets.xcassets in Resources */,
				74447AB81EF6AD7400C428B9 /* Main.storyboard in Resources */,
			);
			runOnlyForDeploymentPostprocessing = 0;
		};
		74447ABD1EF6AD7400C428B9 /* Resources */ = {
			isa = PBXResourcesBuildPhase;
			buildActionMask = 2147483647;
			files = (
			);
			runOnlyForDeploymentPostprocessing = 0;
		};
		74447AC81EF6AD7400C428B9 /* Resources */ = {
			isa = PBXResourcesBuildPhase;
			buildActionMask = 2147483647;
			files = (
			);
			runOnlyForDeploymentPostprocessing = 0;
		};
/* End PBXResourcesBuildPhase section */

/* Begin PBXShellScriptBuildPhase section */
		014C2570122D3AF107253890 /* [CP] Check Pods Manifest.lock */ = {
			isa = PBXShellScriptBuildPhase;
			buildActionMask = 2147483647;
			files = (
			);
			inputPaths = (
				"${PODS_PODFILE_DIR_PATH}/Podfile.lock",
				"${PODS_ROOT}/Manifest.lock",
			);
			name = "[CP] Check Pods Manifest.lock";
			outputPaths = (
				"$(DERIVED_FILE_DIR)/Pods-Magic Drumpad-checkManifestLockResult.txt",
			);
			runOnlyForDeploymentPostprocessing = 0;
			shellPath = /bin/sh;
			shellScript = "diff \"${PODS_PODFILE_DIR_PATH}/Podfile.lock\" \"${PODS_ROOT}/Manifest.lock\" > /dev/null\nif [ $? != 0 ] ; then\n    # print error to STDERR\n    echo \"error: The sandbox is not in sync with the Podfile.lock. Run 'pod install' or update your CocoaPods installation.\" >&2\n    exit 1\nfi\n# This output is used by Xcode 'outputs' to avoid re-running this script phase.\necho \"SUCCESS\" > \"${SCRIPT_OUTPUT_FILE_0}\"\n";
			showEnvVarsInLog = 0;
		};
		1D8408C10897E044EA89E468 /* [CP] Embed Pods Frameworks */ = {
			isa = PBXShellScriptBuildPhase;
			buildActionMask = 2147483647;
			files = (
			);
			inputPaths = (
			);
			name = "[CP] Embed Pods Frameworks";
			outputPaths = (
			);
			runOnlyForDeploymentPostprocessing = 0;
			shellPath = /bin/sh;
			shellScript = "\"${SRCROOT}/Pods/Target Support Files/Pods-Magic DrumpadTests/Pods-Magic DrumpadTests-frameworks.sh\"\n";
			showEnvVarsInLog = 0;
		};
		30AEC45ECD61D4253549AC9E /* [CP] Copy Pods Resources */ = {
			isa = PBXShellScriptBuildPhase;
			buildActionMask = 2147483647;
			files = (
			);
			inputPaths = (
			);
			name = "[CP] Copy Pods Resources";
			outputPaths = (
			);
			runOnlyForDeploymentPostprocessing = 0;
			shellPath = /bin/sh;
			shellScript = "\"${SRCROOT}/Pods/Target Support Files/Pods-Magic DrumpadTests/Pods-Magic DrumpadTests-resources.sh\"\n";
			showEnvVarsInLog = 0;
		};
		4F14CB2CFF5868FAA5C08078 /* [CP] Copy Pods Resources */ = {
			isa = PBXShellScriptBuildPhase;
			buildActionMask = 2147483647;
			files = (
			);
			inputPaths = (
			);
			name = "[CP] Copy Pods Resources";
			outputPaths = (
			);
			runOnlyForDeploymentPostprocessing = 0;
			shellPath = /bin/sh;
			shellScript = "\"${SRCROOT}/Pods/Target Support Files/Pods-Magic Drumpad/Pods-Magic Drumpad-resources.sh\"\n";
			showEnvVarsInLog = 0;
		};
		6C3A1228D578392384DA186A /* [CP] Embed Pods Frameworks */ = {
			isa = PBXShellScriptBuildPhase;
			buildActionMask = 2147483647;
			files = (
			);
			inputPaths = (
				"${SRCROOT}/Pods/Target Support Files/Pods-Magic Drumpad/Pods-Magic Drumpad-frameworks.sh",
				"${BUILT_PRODUCTS_DIR}/M5MultitouchSupport/M5MultitouchSupport.framework",
			);
			name = "[CP] Embed Pods Frameworks";
			outputPaths = (
				"${TARGET_BUILD_DIR}/${FRAMEWORKS_FOLDER_PATH}/M5MultitouchSupport.framework",
			);
			runOnlyForDeploymentPostprocessing = 0;
			shellPath = /bin/sh;
			shellScript = "\"${SRCROOT}/Pods/Target Support Files/Pods-Magic Drumpad/Pods-Magic Drumpad-frameworks.sh\"\n";
			showEnvVarsInLog = 0;
		};
		BF779AA0A07080E428ED830B /* [CP] Check Pods Manifest.lock */ = {
			isa = PBXShellScriptBuildPhase;
			buildActionMask = 2147483647;
			files = (
			);
			inputPaths = (
				"${PODS_PODFILE_DIR_PATH}/Podfile.lock",
				"${PODS_ROOT}/Manifest.lock",
			);
			name = "[CP] Check Pods Manifest.lock";
			outputPaths = (
				"$(DERIVED_FILE_DIR)/Pods-Magic DrumpadTests-checkManifestLockResult.txt",
			);
			runOnlyForDeploymentPostprocessing = 0;
			shellPath = /bin/sh;
			shellScript = "diff \"${PODS_PODFILE_DIR_PATH}/Podfile.lock\" \"${PODS_ROOT}/Manifest.lock\" > /dev/null\nif [ $? != 0 ] ; then\n    # print error to STDERR\n    echo \"error: The sandbox is not in sync with the Podfile.lock. Run 'pod install' or update your CocoaPods installation.\" >&2\n    exit 1\nfi\n# This output is used by Xcode 'outputs' to avoid re-running this script phase.\necho \"SUCCESS\" > \"${SCRIPT_OUTPUT_FILE_0}\"\n";
			showEnvVarsInLog = 0;
		};
		DCE7C8EB1563E0F0C3F8963A /* [CP] Check Pods Manifest.lock */ = {
			isa = PBXShellScriptBuildPhase;
			buildActionMask = 2147483647;
			files = (
			);
			inputPaths = (
				"${PODS_PODFILE_DIR_PATH}/Podfile.lock",
				"${PODS_ROOT}/Manifest.lock",
			);
			name = "[CP] Check Pods Manifest.lock";
			outputPaths = (
				"$(DERIVED_FILE_DIR)/Pods-Magic DrumpadUITests-checkManifestLockResult.txt",
			);
			runOnlyForDeploymentPostprocessing = 0;
			shellPath = /bin/sh;
			shellScript = "diff \"${PODS_PODFILE_DIR_PATH}/Podfile.lock\" \"${PODS_ROOT}/Manifest.lock\" > /dev/null\nif [ $? != 0 ] ; then\n    # print error to STDERR\n    echo \"error: The sandbox is not in sync with the Podfile.lock. Run 'pod install' or update your CocoaPods installation.\" >&2\n    exit 1\nfi\n# This output is used by Xcode 'outputs' to avoid re-running this script phase.\necho \"SUCCESS\" > \"${SCRIPT_OUTPUT_FILE_0}\"\n";
			showEnvVarsInLog = 0;
		};
		ED291BA6A28D03A2643EC853 /* [CP] Copy Pods Resources */ = {
			isa = PBXShellScriptBuildPhase;
			buildActionMask = 2147483647;
			files = (
			);
			inputPaths = (
			);
			name = "[CP] Copy Pods Resources";
			outputPaths = (
			);
			runOnlyForDeploymentPostprocessing = 0;
			shellPath = /bin/sh;
			shellScript = "\"${SRCROOT}/Pods/Target Support Files/Pods-Magic DrumpadUITests/Pods-Magic DrumpadUITests-resources.sh\"\n";
			showEnvVarsInLog = 0;
		};
		F4423608E3A9B9F28DB4660A /* [CP] Embed Pods Frameworks */ = {
			isa = PBXShellScriptBuildPhase;
			buildActionMask = 2147483647;
			files = (
			);
			inputPaths = (
			);
			name = "[CP] Embed Pods Frameworks";
			outputPaths = (
			);
			runOnlyForDeploymentPostprocessing = 0;
			shellPath = /bin/sh;
			shellScript = "\"${SRCROOT}/Pods/Target Support Files/Pods-Magic DrumpadUITests/Pods-Magic DrumpadUITests-frameworks.sh\"\n";
			showEnvVarsInLog = 0;
		};
/* End PBXShellScriptBuildPhase section */

/* Begin PBXSourcesBuildPhase section */
		74447AA91EF6AD7400C428B9 /* Sources */ = {
			isa = PBXSourcesBuildPhase;
			buildActionMask = 2147483647;
			files = (
				7489205F1EF701800098ABDF /* Player.swift in Sources */,
				74F1870A2115EF780070FB85 /* SettingsController.swift in Sources */,
				74447AB31EF6AD7400C428B9 /* PadController.swift in Sources */,
				74447AB11EF6AD7400C428B9 /* AppDelegate.swift in Sources */,
				74F187082115C5220070FB85 /* MidiSender.swift in Sources */,
			);
			runOnlyForDeploymentPostprocessing = 0;
		};
		74447ABB1EF6AD7400C428B9 /* Sources */ = {
			isa = PBXSourcesBuildPhase;
			buildActionMask = 2147483647;
			files = (
				74447AC41EF6AD7400C428B9 /* Magic_DrumpadTests.swift in Sources */,
			);
			runOnlyForDeploymentPostprocessing = 0;
		};
		74447AC61EF6AD7400C428B9 /* Sources */ = {
			isa = PBXSourcesBuildPhase;
			buildActionMask = 2147483647;
			files = (
				74447ACF1EF6AD7400C428B9 /* Magic_DrumpadUITests.swift in Sources */,
			);
			runOnlyForDeploymentPostprocessing = 0;
		};
/* End PBXSourcesBuildPhase section */

/* Begin PBXTargetDependency section */
		74447AC11EF6AD7400C428B9 /* PBXTargetDependency */ = {
			isa = PBXTargetDependency;
			target = 74447AAC1EF6AD7400C428B9 /* Magic Drumpad */;
			targetProxy = 74447AC01EF6AD7400C428B9 /* PBXContainerItemProxy */;
		};
		74447ACC1EF6AD7400C428B9 /* PBXTargetDependency */ = {
			isa = PBXTargetDependency;
			target = 74447AAC1EF6AD7400C428B9 /* Magic Drumpad */;
			targetProxy = 74447ACB1EF6AD7400C428B9 /* PBXContainerItemProxy */;
		};
/* End PBXTargetDependency section */

/* Begin PBXVariantGroup section */
		74447AB61EF6AD7400C428B9 /* Main.storyboard */ = {
			isa = PBXVariantGroup;
			children = (
				74447AB71EF6AD7400C428B9 /* Base */,
			);
			name = Main.storyboard;
			sourceTree = "<group>";
		};
/* End PBXVariantGroup section */

/* Begin XCBuildConfiguration section */
		74447AD11EF6AD7400C428B9 /* Debug */ = {
			isa = XCBuildConfiguration;
			buildSettings = {
				ALWAYS_SEARCH_USER_PATHS = NO;
				CLANG_ANALYZER_NONNULL = YES;
				CLANG_ANALYZER_NUMBER_OBJECT_CONVERSION = YES_AGGRESSIVE;
				CLANG_CXX_LANGUAGE_STANDARD = "gnu++14";
				CLANG_CXX_LIBRARY = "libc++";
				CLANG_ENABLE_MODULES = YES;
				CLANG_ENABLE_OBJC_ARC = YES;
				CLANG_WARN_BLOCK_CAPTURE_AUTORELEASING = YES;
				CLANG_WARN_BOOL_CONVERSION = YES;
				CLANG_WARN_COMMA = YES;
				CLANG_WARN_CONSTANT_CONVERSION = YES;
				CLANG_WARN_DEPRECATED_OBJC_IMPLEMENTATIONS = YES;
				CLANG_WARN_DIRECT_OBJC_ISA_USAGE = YES_ERROR;
				CLANG_WARN_DOCUMENTATION_COMMENTS = YES;
				CLANG_WARN_EMPTY_BODY = YES;
				CLANG_WARN_ENUM_CONVERSION = YES;
				CLANG_WARN_INFINITE_RECURSION = YES;
				CLANG_WARN_INT_CONVERSION = YES;
				CLANG_WARN_NON_LITERAL_NULL_CONVERSION = YES;
				CLANG_WARN_OBJC_IMPLICIT_RETAIN_SELF = YES;
				CLANG_WARN_OBJC_LITERAL_CONVERSION = YES;
				CLANG_WARN_OBJC_ROOT_CLASS = YES_ERROR;
				CLANG_WARN_RANGE_LOOP_ANALYSIS = YES;
				CLANG_WARN_STRICT_PROTOTYPES = YES;
				CLANG_WARN_SUSPICIOUS_MOVE = YES;
				CLANG_WARN_UNGUARDED_AVAILABILITY = YES_AGGRESSIVE;
				CLANG_WARN_UNREACHABLE_CODE = YES;
				CLANG_WARN__DUPLICATE_METHOD_MATCH = YES;
				CODE_SIGN_IDENTITY = "Mac Developer";
				COPY_PHASE_STRIP = NO;
				DEBUG_INFORMATION_FORMAT = dwarf;
				ENABLE_STRICT_OBJC_MSGSEND = YES;
				ENABLE_TESTABILITY = YES;
				GCC_C_LANGUAGE_STANDARD = gnu11;
				GCC_DYNAMIC_NO_PIC = NO;
				GCC_NO_COMMON_BLOCKS = YES;
				GCC_OPTIMIZATION_LEVEL = 0;
				GCC_PREPROCESSOR_DEFINITIONS = (
					"DEBUG=1",
					"$(inherited)",
				);
				GCC_WARN_64_TO_32_BIT_CONVERSION = YES;
				GCC_WARN_ABOUT_RETURN_TYPE = YES_ERROR;
				GCC_WARN_UNDECLARED_SELECTOR = YES;
				GCC_WARN_UNINITIALIZED_AUTOS = YES_AGGRESSIVE;
				GCC_WARN_UNUSED_FUNCTION = YES;
				GCC_WARN_UNUSED_VARIABLE = YES;
				MACOSX_DEPLOYMENT_TARGET = 10.12;
				MTL_ENABLE_DEBUG_INFO = YES;
				ONLY_ACTIVE_ARCH = YES;
				SDKROOT = macosx;
				SWIFT_ACTIVE_COMPILATION_CONDITIONS = DEBUG;
				SWIFT_OPTIMIZATION_LEVEL = "-Onone";
			};
			name = Debug;
		};
		74447AD21EF6AD7400C428B9 /* Release */ = {
			isa = XCBuildConfiguration;
			buildSettings = {
				ALWAYS_SEARCH_USER_PATHS = NO;
				CLANG_ANALYZER_NONNULL = YES;
				CLANG_ANALYZER_NUMBER_OBJECT_CONVERSION = YES_AGGRESSIVE;
				CLANG_CXX_LANGUAGE_STANDARD = "gnu++14";
				CLANG_CXX_LIBRARY = "libc++";
				CLANG_ENABLE_MODULES = YES;
				CLANG_ENABLE_OBJC_ARC = YES;
				CLANG_WARN_BLOCK_CAPTURE_AUTORELEASING = YES;
				CLANG_WARN_BOOL_CONVERSION = YES;
				CLANG_WARN_COMMA = YES;
				CLANG_WARN_CONSTANT_CONVERSION = YES;
				CLANG_WARN_DEPRECATED_OBJC_IMPLEMENTATIONS = YES;
				CLANG_WARN_DIRECT_OBJC_ISA_USAGE = YES_ERROR;
				CLANG_WARN_DOCUMENTATION_COMMENTS = YES;
				CLANG_WARN_EMPTY_BODY = YES;
				CLANG_WARN_ENUM_CONVERSION = YES;
				CLANG_WARN_INFINITE_RECURSION = YES;
				CLANG_WARN_INT_CONVERSION = YES;
				CLANG_WARN_NON_LITERAL_NULL_CONVERSION = YES;
				CLANG_WARN_OBJC_IMPLICIT_RETAIN_SELF = YES;
				CLANG_WARN_OBJC_LITERAL_CONVERSION = YES;
				CLANG_WARN_OBJC_ROOT_CLASS = YES_ERROR;
				CLANG_WARN_RANGE_LOOP_ANALYSIS = YES;
				CLANG_WARN_STRICT_PROTOTYPES = YES;
				CLANG_WARN_SUSPICIOUS_MOVE = YES;
				CLANG_WARN_UNGUARDED_AVAILABILITY = YES_AGGRESSIVE;
				CLANG_WARN_UNREACHABLE_CODE = YES;
				CLANG_WARN__DUPLICATE_METHOD_MATCH = YES;
				CODE_SIGN_IDENTITY = "Mac Developer";
				COPY_PHASE_STRIP = NO;
				DEBUG_INFORMATION_FORMAT = "dwarf-with-dsym";
				ENABLE_NS_ASSERTIONS = NO;
				ENABLE_STRICT_OBJC_MSGSEND = YES;
				GCC_C_LANGUAGE_STANDARD = gnu11;
				GCC_NO_COMMON_BLOCKS = YES;
				GCC_WARN_64_TO_32_BIT_CONVERSION = YES;
				GCC_WARN_ABOUT_RETURN_TYPE = YES_ERROR;
				GCC_WARN_UNDECLARED_SELECTOR = YES;
				GCC_WARN_UNINITIALIZED_AUTOS = YES_AGGRESSIVE;
				GCC_WARN_UNUSED_FUNCTION = YES;
				GCC_WARN_UNUSED_VARIABLE = YES;
				MACOSX_DEPLOYMENT_TARGET = 10.12;
				MTL_ENABLE_DEBUG_INFO = NO;
				SDKROOT = macosx;
				SWIFT_OPTIMIZATION_LEVEL = "-Owholemodule";
			};
			name = Release;
		};
		74447AD41EF6AD7400C428B9 /* Debug */ = {
			isa = XCBuildConfiguration;
			baseConfigurationReference = AA0C3D557A7BCC8B26189BDC /* Pods-Magic Drumpad.debug.xcconfig */;
			buildSettings = {
				ASSETCATALOG_COMPILER_APPICON_NAME = AppIcon;
				CODE_SIGN_ENTITLEMENTS = "Magic Drumpad/Magic Drumpad.entitlements";
				COMBINE_HIDPI_IMAGES = YES;
				DEVELOPMENT_TEAM = 7TD9A665TC;
				ENABLE_HARDENED_RUNTIME = YES;
				INFOPLIST_FILE = "Magic Drumpad/Info.plist";
				LD_RUNPATH_SEARCH_PATHS = "$(inherited) @executable_path/../Frameworks";
				MACOSX_DEPLOYMENT_TARGET = 10.12;
				PRODUCT_BUNDLE_IDENTIFIER = "com.devian.Magic-Drumpad";
				PRODUCT_NAME = "$(TARGET_NAME)";
				SWIFT_OPTIMIZATION_LEVEL = "-Owholemodule";
				SWIFT_SWIFT3_OBJC_INFERENCE = Default;
				SWIFT_VERSION = 4.2;
			};
			name = Debug;
		};
		74447AD51EF6AD7400C428B9 /* Release */ = {
			isa = XCBuildConfiguration;
			baseConfigurationReference = 31837BF21C44FA7E2E513FF0 /* Pods-Magic Drumpad.release.xcconfig */;
			buildSettings = {
				ASSETCATALOG_COMPILER_APPICON_NAME = AppIcon;
				CODE_SIGN_ENTITLEMENTS = "Magic Drumpad/Magic Drumpad.entitlements";
				COMBINE_HIDPI_IMAGES = YES;
				DEVELOPMENT_TEAM = 7TD9A665TC;
				ENABLE_HARDENED_RUNTIME = YES;
				INFOPLIST_FILE = "Magic Drumpad/Info.plist";
				LD_RUNPATH_SEARCH_PATHS = "$(inherited) @executable_path/../Frameworks";
				MACOSX_DEPLOYMENT_TARGET = 10.12;
				PRODUCT_BUNDLE_IDENTIFIER = "com.devian.Magic-Drumpad";
				PRODUCT_NAME = "$(TARGET_NAME)";
				SWIFT_SWIFT3_OBJC_INFERENCE = Default;
				SWIFT_VERSION = 4.2;
			};
			name = Release;
		};
		74447AD71EF6AD7400C428B9 /* Debug */ = {
			isa = XCBuildConfiguration;
			baseConfigurationReference = DF45C29B2997CCE8EEDC8EFE /* Pods-Magic DrumpadTests.debug.xcconfig */;
			buildSettings = {
				ALWAYS_EMBED_SWIFT_STANDARD_LIBRARIES = YES;
				BUNDLE_LOADER = "$(TEST_HOST)";
				COMBINE_HIDPI_IMAGES = YES;
				DEVELOPMENT_TEAM = 7TD9A665TC;
				INFOPLIST_FILE = "Magic DrumpadTests/Info.plist";
				LD_RUNPATH_SEARCH_PATHS = "$(inherited) @executable_path/../Frameworks @loader_path/../Frameworks";
				PRODUCT_BUNDLE_IDENTIFIER = "com.devian.Magic-DrumpadTests";
				PRODUCT_NAME = "$(TARGET_NAME)";
				SWIFT_SWIFT3_OBJC_INFERENCE = On;
				SWIFT_VERSION = 4.2;
				TEST_HOST = "$(BUILT_PRODUCTS_DIR)/Magic Drumpad.app/Contents/MacOS/Magic Drumpad";
			};
			name = Debug;
		};
		74447AD81EF6AD7400C428B9 /* Release */ = {
			isa = XCBuildConfiguration;
			baseConfigurationReference = F34DEE1298B7C9013D809616 /* Pods-Magic DrumpadTests.release.xcconfig */;
			buildSettings = {
				ALWAYS_EMBED_SWIFT_STANDARD_LIBRARIES = YES;
				BUNDLE_LOADER = "$(TEST_HOST)";
				COMBINE_HIDPI_IMAGES = YES;
				DEVELOPMENT_TEAM = 7TD9A665TC;
				INFOPLIST_FILE = "Magic DrumpadTests/Info.plist";
				LD_RUNPATH_SEARCH_PATHS = "$(inherited) @executable_path/../Frameworks @loader_path/../Frameworks";
				PRODUCT_BUNDLE_IDENTIFIER = "com.devian.Magic-DrumpadTests";
				PRODUCT_NAME = "$(TARGET_NAME)";
				SWIFT_SWIFT3_OBJC_INFERENCE = On;
				SWIFT_VERSION = 4.2;
				TEST_HOST = "$(BUILT_PRODUCTS_DIR)/Magic Drumpad.app/Contents/MacOS/Magic Drumpad";
			};
			name = Release;
		};
		74447ADA1EF6AD7400C428B9 /* Debug */ = {
			isa = XCBuildConfiguration;
			baseConfigurationReference = E01CE85E04CAE8449579C90C /* Pods-Magic DrumpadUITests.debug.xcconfig */;
			buildSettings = {
				ALWAYS_EMBED_SWIFT_STANDARD_LIBRARIES = YES;
				COMBINE_HIDPI_IMAGES = YES;
				DEVELOPMENT_TEAM = 7TD9A665TC;
				INFOPLIST_FILE = "Magic DrumpadUITests/Info.plist";
				LD_RUNPATH_SEARCH_PATHS = "$(inherited) @executable_path/../Frameworks @loader_path/../Frameworks";
				PRODUCT_BUNDLE_IDENTIFIER = "com.devian.Magic-DrumpadUITests";
				PRODUCT_NAME = "$(TARGET_NAME)";
				SWIFT_SWIFT3_OBJC_INFERENCE = On;
				SWIFT_VERSION = 4.2;
				TEST_TARGET_NAME = "Magic Drumpad";
			};
			name = Debug;
		};
		74447ADB1EF6AD7400C428B9 /* Release */ = {
			isa = XCBuildConfiguration;
			baseConfigurationReference = C6F5557768479E3B966A6EAE /* Pods-Magic DrumpadUITests.release.xcconfig */;
			buildSettings = {
				ALWAYS_EMBED_SWIFT_STANDARD_LIBRARIES = YES;
				COMBINE_HIDPI_IMAGES = YES;
				DEVELOPMENT_TEAM = 7TD9A665TC;
				INFOPLIST_FILE = "Magic DrumpadUITests/Info.plist";
				LD_RUNPATH_SEARCH_PATHS = "$(inherited) @executable_path/../Frameworks @loader_path/../Frameworks";
				PRODUCT_BUNDLE_IDENTIFIER = "com.devian.Magic-DrumpadUITests";
				PRODUCT_NAME = "$(TARGET_NAME)";
				SWIFT_SWIFT3_OBJC_INFERENCE = On;
				SWIFT_VERSION = 4.2;
				TEST_TARGET_NAME = "Magic Drumpad";
			};
			name = Release;
		};
/* End XCBuildConfiguration section */

/* Begin XCConfigurationList section */
		74447AA81EF6AD7400C428B9 /* Build configuration list for PBXProject "Magic Drumpad" */ = {
			isa = XCConfigurationList;
			buildConfigurations = (
				74447AD11EF6AD7400C428B9 /* Debug */,
				74447AD21EF6AD7400C428B9 /* Release */,
			);
			defaultConfigurationIsVisible = 0;
			defaultConfigurationName = Release;
		};
		74447AD31EF6AD7400C428B9 /* Build configuration list for PBXNativeTarget "Magic Drumpad" */ = {
			isa = XCConfigurationList;
			buildConfigurations = (
				74447AD41EF6AD7400C428B9 /* Debug */,
				74447AD51EF6AD7400C428B9 /* Release */,
			);
			defaultConfigurationIsVisible = 0;
			defaultConfigurationName = Release;
		};
		74447AD61EF6AD7400C428B9 /* Build configuration list for PBXNativeTarget "Magic DrumpadTests" */ = {
			isa = XCConfigurationList;
			buildConfigurations = (
				74447AD71EF6AD7400C428B9 /* Debug */,
				74447AD81EF6AD7400C428B9 /* Release */,
			);
			defaultConfigurationIsVisible = 0;
			defaultConfigurationName = Release;
		};
		74447AD91EF6AD7400C428B9 /* Build configuration list for PBXNativeTarget "Magic DrumpadUITests" */ = {
			isa = XCConfigurationList;
			buildConfigurations = (
				74447ADA1EF6AD7400C428B9 /* Debug */,
				74447ADB1EF6AD7400C428B9 /* Release */,
			);
			defaultConfigurationIsVisible = 0;
			defaultConfigurationName = Release;
		};
/* End XCConfigurationList section */
	};
	rootObject = 74447AA51EF6AD7400C428B9 /* Project object */;
}
